
Microsoft Visual Studio Solution File, Format Version 12.00
# Visual Studio Version 17
VisualStudioVersion = 17.3.32929.385
MinimumVisualStudioVersion = 10.0.40219.1
Project("{FAE04EC0-301F-11D3-BF4B-00C04F79EFBC}") = "LiczbyPierwsze", "LiczbyPierwsze\LiczbyPierwsze.csproj", "{A2B70CFB-449F-4A79-A995-69D2767E8768}"
EndProject
Global
	GlobalSection(SolutionConfigurationPlatforms) = preSolution
		Debug|Any CPU = Debug|Any CPU
		Release|Any CPU = Release|Any CPU
	EndGlobalSection
	GlobalSection(ProjectConfigurationPlatforms) = postSolution
		{A2B70CFB-449F-4A79-A995-69D2767E8768}.Debug|Any CPU.ActiveCfg = Debug|Any CPU
		{A2B70CFB-449F-4A79-A995-69D2767E8768}.Debug|Any CPU.Build.0 = Debug|Any CPU
		{A2B70CFB-449F-4A79-A995-69D2767E8768}.Release|Any CPU.ActiveCfg = Release|Any CPU
		{A2B70CFB-449F-4A79-A995-69D2767E8768}.Release|Any CPU.Build.0 = Release|Any CPU
	EndGlobalSection
	GlobalSection(SolutionProperties) = preSolution
		HideSolutionNode = FALSE
	EndGlobalSection
	GlobalSection(ExtensibilityGlobals) = postSolution
		SolutionGuid = {F9D23B7C-DEFD-495D-8B03-152D17D93952}
	EndGlobalSection
EndGlobal
